// !$*UTF8*$!
{
	archiveVersion = 1;
	classes = {
	};
	objectVersion = 110;
	objects = {

/* Begin PBXBuildFile section */
		8CDCA4C3305AB136002E87F2 /* KeyboardShortcuts in Frameworks */ = {isa = PBXBuildFile; productRef = 8CDCA4C2305AB136002E87F2 /* KeyboardShortcuts */; };
/* End PBXBuildFile section */

/* Begin PBXContainerItemProxy section */
		8CBF8CDD3059F60600041D71 /* PBXContainerItemProxy */ = {
			isa = PBXContainerItemProxy;
			containerPortal = 8CBF8CC73059F60300041D71 /* Project object */;
			proxyType = 1;
			remoteGlobalIDString = 8CBF8CCE3059F60300041D71;
			remoteInfo = paylas;
		};
		8CBF8CE73059F60600041D71 /* PBXContainerItemProxy */ = {
			isa = PBXContainerItemProxy;
			containerPortal = 8CBF8CC73059F60300041D71 /* Project object */;
			proxyType = 1;
			remoteGlobalIDString = 8CBF8CCE3059F60300041D71;
			remoteInfo = paylas;
		};
/* End PBXContainerItemProxy section */

/* Begin PBXFileReference section */
		8CBF8CCF3059F60300041D71 /* paylas.app */ = {isa = PBXFileReference; explicitFileType = wrapper.application; includeInIndex = 0; path = paylas.app; sourceTree = BUILT_PRODUCTS_DIR; };
		8CBF8CDC3059F60600041D71 /* paylasTests.xctest */ = {isa = PBXFileReference; explicitFileType = wrapper.cfbundle; includeInIndex = 0; path = paylasTests.xctest; sourceTree = BUILT_PRODUCTS_DIR; };
		8CBF8CE63059F60600041D71 /* paylasUITests.xctest */ = {isa = PBXFileReference; explicitFileType = wrapper.cfbundle; includeInIndex = 0; path = paylasUITests.xctest; sourceTree = BUILT_PRODUCTS_DIR; };
/* End PBXFileReference section */

/* Begin PBXFileSystemSynchronizedRootGroup section */
		8CBF8CD13059F60300041D71 /* paylas */ = {
			isa = PBXFileSystemSynchronizedRootGroup;
			path = paylas;
			sourceTree = "<group>";
		};
		8CBF8CDF3059F60600041D71 /* paylasTests */ = {
			isa = PBXFileSystemSynchronizedRootGroup;
			path = paylasTests;
			sourceTree = "<group>";
		};
		8CBF8CE93059F60600041D71 /* paylasUITests */ = {
			isa = PBXFileSystemSynchronizedRootGroup;
			path = paylasUITests;
			sourceTree = "<group>";
		};
/* End PBXFileSystemSynchronizedRootGroup section */

/* Begin PBXFrameworksBuildPhase section */
		8CBF8CCC3059F60300041D71 /* Frameworks */ = {
			isa = PBXFrameworksBuildPhase;
			files = (
				8CDCA4C3305AB136002E87F2 /* KeyboardShortcuts in Frameworks */,
			);
		};
		8CBF8CD93059F60600041D71 /* Frameworks */ = {
			isa = PBXFrameworksBuildPhase;
			files = (
			);
		};
		8CBF8CE33059F60600041D71 /* Frameworks */ = {
			isa = PBXFrameworksBuildPhase;
			files = (
			);
		};
/* End PBXFrameworksBuildPhase section */

/* Begin PBXGroup section */
		8CBF8CC63059F60300041D71 = {
			isa = PBXGroup;
			children = (
				8CBF8CD13059F60300041D71 /* paylas */,
				8CBF8CDF3059F60600041D71 /* paylasTests */,
				8CBF8CE93059F60600041D71 /* paylasUITests */,
				8CBF8CD03059F60300041D71 /* Products */,
			);
			sourceTree = "<group>";
		};
		8CBF8CD03059F60300041D71 /* Products */ = {
			isa = PBXGroup;
			children = (
				8CBF8CCF3059F60300041D71 /* paylas.app */,
				8CBF8CDC3059F60600041D71 /* paylasTests.xctest */,
				8CBF8CE63059F60600041D71 /* paylasUITests.xctest */,
			);
			name = Products;
			sourceTree = "<group>";
		};
/* End PBXGroup section */

/* Begin PBXNativeTarget section */
		8CBF8CCE3059F60300041D71 /* paylas */ = {
			isa = PBXNativeTarget;
			buildConfigurationList = 8CBF8CEE3059F60600041D71 /* Build configuration list for PBXNativeTarget "paylas" */;
			buildPhases = (
				8CBF8CCB3059F60300041D71 /* Sources */,
				8CBF8CCC3059F60300041D71 /* Frameworks */,
				8CBF8CCD3059F60300041D71 /* Resources */,
			);
			buildRules = (
			);
			fileSystemSynchronizedGroups = (
				8CBF8CD13059F60300041D71 /* paylas */,
			);
			name = paylas;
			packageProductDependencies = (
				8CDCA4C2305AB136002E87F2 /* KeyboardShortcuts */,
			);
			productName = paylas;
			productReference = 8CBF8CCF3059F60300041D71 /* paylas.app */;
			productType = "com.apple.product-type.application";
		};
		8CBF8CDB3059F60600041D71 /* paylasTests */ = {
			isa = PBXNativeTarget;
			buildConfigurationList = 8CBF8CF13059F60600041D71 /* Build configuration list for PBXNativeTarget "paylasTests" */;
			buildPhases = (
				8CBF8CD83059F60600041D71 /* Sources */,
				8CBF8CD93059F60600041D71 /* Frameworks */,
				8CBF8CDA3059F60600041D71 /* Resources */,
			);
			buildRules = (
			);
			dependencies = (
				8CBF8CDE3059F60600041D71 /* PBXTargetDependency */,
			);
			fileSystemSynchronizedGroups = (
				8CBF8CDF3059F60600041D71 /* paylasTests */,
			);
			name = paylasTests;
			productName = paylasTests;
			productReference = 8CBF8CDC3059F60600041D71 /* paylasTests.xctest */;
			productType = "com.apple.product-type.bundle.unit-test";
		};
		8CBF8CE53059F60600041D71 /* paylasUITests */ = {
			isa = PBXNativeTarget;
			buildConfigurationList = 8CBF8CF43059F60600041D71 /* Build configuration list for PBXNativeTarget "paylasUITests" */;
			buildPhases = (
				8CBF8CE23059F60600041D71 /* Sources */,
				8CBF8CE33059F60600041D71 /* Frameworks */,
				8CBF8CE43059F60600041D71 /* Resources */,
			);
			buildRules = (
			);
			dependencies = (
				8CBF8CE83059F60600041D71 /* PBXTargetDependency */,
			);
			fileSystemSynchronizedGroups = (
				8CBF8CE93059F60600041D71 /* paylasUITests */,
			);
			name = paylasUITests;
			productName = paylasUITests;
			productReference = 8CBF8CE63059F60600041D71 /* paylasUITests.xctest */;
			productType = "com.apple.product-type.bundle.ui-testing";
		};
/* End PBXNativeTarget section */

/* Begin PBXProject section */
		8CBF8CC73059F60300041D71 /* Project object */ = {
			isa = PBXProject;
			attributes = {
				BuildIndependentTargetsInParallel = 1;
				LastSwiftUpdateCheck = 2700;
				LastUpgradeCheck = 2700;
				TargetAttributes = {
					8CBF8CCE3059F60300041D71 = {
						CreatedOnToolsVersion = 27.0;
					};
					8CBF8CDB3059F60600041D71 = {
						CreatedOnToolsVersion = 27.0;
						TestTargetID = 8CBF8CCE3059F60300041D71;
					};
					8CBF8CE53059F60600041D71 = {
						CreatedOnToolsVersion = 27.0;
						TestTargetID = 8CBF8CCE3059F60300041D71;
					};
				};
			};
			buildConfigurationList = 8CBF8CCA3059F60300041D71 /* Build configuration list for PBXProject "paylas" */;
			developmentRegion = en;
			hasScannedForEncodings = 0;
			knownRegions = (
				en,
				Base,
			);
			mainGroup = 8CBF8CC63059F60300041D71;
			minimizedProjectReferenceProxies = 1;
			packageReferences = (
				8CDCA4C1305AB136002E87F2 /* XCRemoteSwiftPackageReference "KeyboardShortcuts" */,
			);
			preferredProjectObjectVersion = 77;
			productRefGroup = 8CBF8CD03059F60300041D71 /* Products */;
			projectDirPath = "";
			projectRoot = "";
			targets = (
				8CBF8CCE3059F60300041D71 /* paylas */,
				8CBF8CDB3059F60600041D71 /* paylasTests */,
				8CBF8CE53059F60600041D71 /* paylasUITests */,
			);
		};
/* End PBXProject section */

/* Begin PBXResourcesBuildPhase section */
		8CBF8CCD3059F60300041D71 /* Resources */ = {
			isa = PBXResourcesBuildPhase;
			files = (
			);
		};
		8CBF8CDA3059F60600041D71 /* Resources */ = {
			isa = PBXResourcesBuildPhase;
			files = (
			);
		};
		8CBF8CE43059F60600041D71 /* Resources */ = {
			isa = PBXResourcesBuildPhase;
			files = (
			);
		};
/* End PBXResourcesBuildPhase section */

/* Begin PBXSourcesBuildPhase section */
		8CBF8CCB3059F60300041D71 /* Sources */ = {
			isa = PBXSourcesBuildPhase;
			files = (
			);
		};
		8CBF8CD83059F60600041D71 /* Sources */ = {
			isa = PBXSourcesBuildPhase;
			files = (
			);
		};
		8CBF8CE23059F60600041D71 /* Sources */ = {
			isa = PBXSourcesBuildPhase;
			files = (
			);
		};
/* End PBXSourcesBuildPhase section */

/* Begin PBXTargetDependency section */
		8CBF8CDE3059F60600041D71 /* PBXTargetDependency */ = {
			isa = PBXTargetDependency;
			target = 8CBF8CCE3059F60300041D71 /* paylas */;
			targetProxy = 8CBF8CDD3059F60600041D71 /* PBXContainerItemProxy */;
		};
		8CBF8CE83059F60600041D71 /* PBXTargetDependency */ = {
			isa = PBXTargetDependency;
			target = 8CBF8CCE3059F60300041D71 /* paylas */;
			targetProxy = 8CBF8CE73059F60600041D71 /* PBXContainerItemProxy */;
		};
/* End PBXTargetDependency section */

/* Begin XCBuildConfiguration section */
		8CBF8CEC3059F60600041D71 /* Debug configuration for PBXProject "paylas" */ = {
			isa = XCBuildConfiguration;
			buildSettings = {
				ALWAYS_SEARCH_USER_PATHS = NO;
				ASSETCATALOG_COMPILER_GENERATE_SWIFT_ASSET_SYMBOL_EXTENSIONS = YES;
				CLANG_ANALYZER_NONNULL = YES;
				CLANG_ANALYZER_NUMBER_OBJECT_CONVERSION = YES_AGGRESSIVE;
				CLANG_CXX_LANGUAGE_STANDARD = "gnu++20";
				CLANG_ENABLE_MODULES = YES;
				CLANG_ENABLE_OBJC_ARC = YES;
				CLANG_ENABLE_OBJC_WEAK = YES;
				CLANG_WARN_BLOCK_CAPTURE_AUTORELEASING = YES;
				CLANG_WARN_BOOL_CONVERSION = YES;
				CLANG_WARN_COMMA = YES;
				CLANG_WARN_CONSTANT_CONVERSION = YES;
				CLANG_WARN_DEPRECATED_OBJC_IMPLEMENTATIONS = YES;
				CLANG_WARN_DIRECT_OBJC_ISA_USAGE = YES_ERROR;
				CLANG_WARN_DOCUMENTATION_COMMENTS = YES;
				CLANG_WARN_EMPTY_BODY = YES;
				CLANG_WARN_ENUM_CONVERSION = YES;
				CLANG_WARN_INFINITE_RECURSION = YES;
				CLANG_WARN_INT_CONVERSION = YES;
				CLANG_WARN_NON_LITERAL_NULL_CONVERSION = YES;
				CLANG_WARN_OBJC_IMPLICIT_RETAIN_SELF = YES;
				CLANG_WARN_OBJC_LITERAL_CONVERSION = YES;
				CLANG_WARN_OBJC_ROOT_CLASS = YES_ERROR;
				CLANG_WARN_QUOTED_INCLUDE_IN_FRAMEWORK_HEADER = YES;
				CLANG_WARN_RANGE_LOOP_ANALYSIS = YES;
				CLANG_WARN_STRICT_PROTOTYPES = YES;
				CLANG_WARN_SUSPICIOUS_MOVE = YES;
				CLANG_WARN_UNGUARDED_AVAILABILITY = YES_AGGRESSIVE;
				CLANG_WARN_UNREACHABLE_CODE = YES;
				CLANG_WARN__DUPLICATE_METHOD_MATCH = YES;
				COPY_PHASE_STRIP = NO;
				DEBUG_INFORMATION_FORMAT = dwarf;
				DEVELOPMENT_TEAM = W2XAP5LUSS;
				ENABLE_STRICT_OBJC_MSGSEND = YES;
				ENABLE_TESTABILITY = YES;
				ENABLE_USER_SCRIPT_SANDBOXING = YES;
				GCC_C_LANGUAGE_STANDARD = gnu17;
				GCC_DYNAMIC_NO_PIC = NO;
				GCC_NO_COMMON_BLOCKS = YES;
				GCC_OPTIMIZATION_LEVEL = 0;
				GCC_PREPROCESSOR_DEFINITIONS = (
					"DEBUG=1",
					"$(inherited)",
				);
				GCC_WARN_64_TO_32_BIT_CONVERSION = YES;
				GCC_WARN_ABOUT_RETURN_TYPE = YES_ERROR;
				GCC_WARN_UNDECLARED_SELECTOR = YES;
				GCC_WARN_UNINITIALIZED_AUTOS = YES_AGGRESSIVE;
				GCC_WARN_UNUSED_FUNCTION = YES;
				GCC_WARN_UNUSED_VARIABLE = YES;
				LOCALIZATION_PREFERS_STRING_CATALOGS = YES;
				MACOSX_DEPLOYMENT_TARGET = 27.0;
				MTL_ENABLE_DEBUG_INFO = INCLUDE_SOURCE;
				MTL_FAST_MATH = YES;
				ONLY_ACTIVE_ARCH = YES;
				SDKROOT = macosx;
				SWIFT_ACTIVE_COMPILATION_CONDITIONS = "DEBUG $(inherited)";
				SWIFT_OPTIMIZATION_LEVEL = "-Onone";
			};
			name = Debug;
		};
		8CBF8CED3059F60600041D71 /* Release configuration for PBXProject "paylas" */ = {
			isa = XCBuildConfiguration;
			buildSettings = {
				ALWAYS_SEARCH_USER_PATHS = NO;
				ASSETCATALOG_COMPILER_GENERATE_SWIFT_ASSET_SYMBOL_EXTENSIONS = YES;
				CLANG_ANALYZER_NONNULL = YES;
				CLANG_ANALYZER_NUMBER_OBJECT_CONVERSION = YES_AGGRESSIVE;
				CLANG_CXX_LANGUAGE_STANDARD = "gnu++20";
				CLANG_ENABLE_MODULES = YES;
				CLANG_ENABLE_OBJC_ARC = YES;
				CLANG_ENABLE_OBJC_WEAK = YES;
				CLANG_WARN_BLOCK_CAPTURE_AUTORELEASING = YES;
				CLANG_WARN_BOOL_CONVERSION = YES;
				CLANG_WARN_COMMA = YES;
				CLANG_WARN_CONSTANT_CONVERSION = YES;
				CLANG_WARN_DEPRECATED_OBJC_IMPLEMENTATIONS = YES;
				CLANG_WARN_DIRECT_OBJC_ISA_USAGE = YES_ERROR;
				CLANG_WARN_DOCUMENTATION_COMMENTS = YES;
				CLANG_WARN_EMPTY_BODY = YES;
				CLANG_WARN_ENUM_CONVERSION = YES;
				CLANG_WARN_INFINITE_RECURSION = YES;
				CLANG_WARN_INT_CONVERSION = YES;
				CLANG_WARN_NON_LITERAL_NULL_CONVERSION = YES;
				CLANG_WARN_OBJC_IMPLICIT_RETAIN_SELF = YES;
				CLANG_WARN_OBJC_LITERAL_CONVERSION = YES;
				CLANG_WARN_OBJC_ROOT_CLASS = YES_ERROR;
				CLANG_WARN_QUOTED_INCLUDE_IN_FRAMEWORK_HEADER = YES;
				CLANG_WARN_RANGE_LOOP_ANALYSIS = YES;
				CLANG_WARN_STRICT_PROTOTYPES = YES;
				CLANG_WARN_SUSPICIOUS_MOVE = YES;
				CLANG_WARN_UNGUARDED_AVAILABILITY = YES_AGGRESSIVE;
				CLANG_WARN_UNREACHABLE_CODE = YES;
				CLANG_WARN__DUPLICATE_METHOD_MATCH = YES;
				COPY_PHASE_STRIP = NO;
				DEBUG_INFORMATION_FORMAT = "dwarf-with-dsym";
				DEVELOPMENT_TEAM = W2XAP5LUSS;
				ENABLE_NS_ASSERTIONS = NO;
				ENABLE_STRICT_OBJC_MSGSEND = YES;
				ENABLE_USER_SCRIPT_SANDBOXING = YES;
				GCC_C_LANGUAGE_STANDARD = gnu17;
				GCC_NO_COMMON_BLOCKS = YES;
				GCC_WARN_64_TO_32_BIT_CONVERSION = YES;
				GCC_WARN_ABOUT_RETURN_TYPE = YES_ERROR;
				GCC_WARN_UNDECLARED_SELECTOR = YES;
				GCC_WARN_UNINITIALIZED_AUTOS = YES_AGGRESSIVE;
				GCC_WARN_UNUSED_FUNCTION = YES;
				GCC_WARN_UNUSED_VARIABLE = YES;
				LOCALIZATION_PREFERS_STRING_CATALOGS = YES;
				MACOSX_DEPLOYMENT_TARGET = 27.0;
				MTL_ENABLE_DEBUG_INFO = NO;
				MTL_FAST_MATH = YES;
				SDKROOT = macosx;
				SWIFT_COMPILATION_MODE = wholemodule;
			};
			name = Release;
		};
		8CBF8CEF3059F60600041D71 /* Debug configuration for PBXNativeTarget "paylas" */ = {
			isa = XCBuildConfiguration;
			buildSettings = {
				ASSETCATALOG_COMPILER_APPICON_NAME = AppIcon;
				ASSETCATALOG_COMPILER_GLOBAL_ACCENT_COLOR_NAME = AccentColor;
				CODE_SIGN_STYLE = Automatic;
				COMBINE_HIDPI_IMAGES = YES;
				CURRENT_PROJECT_VERSION = 1;
				DEVELOPMENT_TEAM = W2XAP5LUSS;
				ENABLE_APP_SANDBOX = YES;
				ENABLE_HARDENED_RUNTIME = YES;
				ENABLE_PREVIEWS = YES;
				ENABLE_USER_SELECTED_FILES = readonly;
				GENERATE_INFOPLIST_FILE = YES;
				INFOPLIST_KEY_LSUIElement = YES;
				INFOPLIST_KEY_NSHumanReadableCopyright = "";
				LD_RUNPATH_SEARCH_PATHS = (
					"$(inherited)",
					"@executable_path/../Frameworks",
				);
				MARKETING_VERSION = 1.0;
				PRODUCT_BUNDLE_IDENTIFIER = enercif.paylas;
				PRODUCT_NAME = "$(TARGET_NAME)";
				REGISTER_APP_GROUPS = YES;
				STRING_CATALOG_GENERATE_SYMBOLS = YES;
				SWIFT_APPROACHABLE_CONCURRENCY = YES;
				SWIFT_DEFAULT_ACTOR_ISOLATION = MainActor;
				SWIFT_EMIT_LOC_STRINGS = YES;
				SWIFT_UPCOMING_FEATURE_MEMBER_IMPORT_VISIBILITY = YES;
				SWIFT_VERSION = 5.0;
			};
			name = Debug;
		};
		8CBF8CF03059F60600041D71 /* Release configuration for PBXNativeTarget "paylas" */ = {
			isa = XCBuildConfiguration;
			buildSettings = {
				ASSETCATALOG_COMPILER_APPICON_NAME = AppIcon;
				ASSETCATALOG_COMPILER_GLOBAL_ACCENT_COLOR_NAME = AccentColor;
				CODE_SIGN_STYLE = Automatic;
				COMBINE_HIDPI_IMAGES = YES;
				CURRENT_PROJECT_VERSION = 1;
				DEVELOPMENT_TEAM = W2XAP5LUSS;
				ENABLE_APP_SANDBOX = YES;
				ENABLE_HARDENED_RUNTIME = YES;
				ENABLE_PREVIEWS = YES;
				ENABLE_USER_SELECTED_FILES = readonly;
				GENERATE_INFOPLIST_FILE = YES;
				INFOPLIST_KEY_LSUIElement = YES;
				INFOPLIST_KEY_NSHumanReadableCopyright = "";
				LD_RUNPATH_SEARCH_PATHS = (
					"$(inherited)",
					"@executable_path/../Frameworks",
				);
				MARKETING_VERSION = 1.0;
				PRODUCT_BUNDLE_IDENTIFIER = enercif.paylas;
				PRODUCT_NAME = "$(TARGET_NAME)";
				REGISTER_APP_GROUPS = YES;
				STRING_CATALOG_GENERATE_SYMBOLS = YES;
				SWIFT_APPROACHABLE_CONCURRENCY = YES;
				SWIFT_DEFAULT_ACTOR_ISOLATION = MainActor;
				SWIFT_EMIT_LOC_STRINGS = YES;
				SWIFT_UPCOMING_FEATURE_MEMBER_IMPORT_VISIBILITY = YES;
				SWIFT_VERSION = 5.0;
			};
			name = Release;
		};
		8CBF8CF23059F60600041D71 /* Debug configuration for PBXNativeTarget "paylasTests" */ = {
			isa = XCBuildConfiguration;
			buildSettings = {
				BUNDLE_LOADER = "$(TEST_HOST)";
				CODE_SIGN_STYLE = Automatic;
				CURRENT_PROJECT_VERSION = 1;
				DEVELOPMENT_TEAM = W2XAP5LUSS;
				GENERATE_INFOPLIST_FILE = YES;
				MACOSX_DEPLOYMENT_TARGET = 27.0;
				MARKETING_VERSION = 1.0;
				PRODUCT_BUNDLE_IDENTIFIER = enercif.paylasTests;
				PRODUCT_NAME = "$(TARGET_NAME)";
				STRING_CATALOG_GENERATE_SYMBOLS = NO;
				SWIFT_APPROACHABLE_CONCURRENCY = YES;
				SWIFT_EMIT_LOC_STRINGS = NO;
				SWIFT_UPCOMING_FEATURE_MEMBER_IMPORT_VISIBILITY = YES;
				SWIFT_VERSION = 5.0;
				TEST_HOST = "$(BUILT_PRODUCTS_DIR)/paylas.app/$(BUNDLE_EXECUTABLE_FOLDER_PATH)/paylas";
			};
			name = Debug;
		};
		8CBF8CF33059F60600041D71 /* Release configuration for PBXNativeTarget "paylasTests" */ = {
			isa = XCBuildConfiguration;
			buildSettings = {
				BUNDLE_LOADER = "$(TEST_HOST)";
				CODE_SIGN_STYLE = Automatic;
				CURRENT_PROJECT_VERSION = 1;
				DEVELOPMENT_TEAM = W2XAP5LUSS;
				GENERATE_INFOPLIST_FILE = YES;
				MACOSX_DEPLOYMENT_TARGET = 27.0;
				MARKETING_VERSION = 1.0;
				PRODUCT_BUNDLE_IDENTIFIER = enercif.paylasTests;
				PRODUCT_NAME = "$(TARGET_NAME)";
				STRING_CATALOG_GENERATE_SYMBOLS = NO;
				SWIFT_APPROACHABLE_CONCURRENCY = YES;
				SWIFT_EMIT_LOC_STRINGS = NO;
				SWIFT_UPCOMING_FEATURE_MEMBER_IMPORT_VISIBILITY = YES;
				SWIFT_VERSION = 5.0;
				TEST_HOST = "$(BUILT_PRODUCTS_DIR)/paylas.app/$(BUNDLE_EXECUTABLE_FOLDER_PATH)/paylas";
			};
			name = Release;
		};
		8CBF8CF53059F60600041D71 /* Debug configuration for PBXNativeTarget "paylasUITests" */ = {
			isa = XCBuildConfiguration;
			buildSettings = {
				CODE_SIGN_STYLE = Automatic;
				CURRENT_PROJECT_VERSION = 1;
				DEVELOPMENT_TEAM = W2XAP5LUSS;
				GENERATE_INFOPLIST_FILE = YES;
				MARKETING_VERSION = 1.0;
				PRODUCT_BUNDLE_IDENTIFIER = enercif.paylasUITests;
				PRODUCT_NAME = "$(TARGET_NAME)";
				STRING_CATALOG_GENERATE_SYMBOLS = NO;
				SWIFT_APPROACHABLE_CONCURRENCY = YES;
				SWIFT_EMIT_LOC_STRINGS = NO;
				SWIFT_UPCOMING_FEATURE_MEMBER_IMPORT_VISIBILITY = YES;
				SWIFT_VERSION = 5.0;
				TEST_TARGET_NAME = paylas;
			};
			name = Debug;
		};
		8CBF8CF63059F60600041D71 /* Release configuration for PBXNativeTarget "paylasUITests" */ = {
			isa = XCBuildConfiguration;
			buildSettings = {
				CODE_SIGN_STYLE = Automatic;
				CURRENT_PROJECT_VERSION = 1;
				DEVELOPMENT_TEAM = W2XAP5LUSS;
				GENERATE_INFOPLIST_FILE = YES;
				MARKETING_VERSION = 1.0;
				PRODUCT_BUNDLE_IDENTIFIER = enercif.paylasUITests;
				PRODUCT_NAME = "$(TARGET_NAME)";
				STRING_CATALOG_GENERATE_SYMBOLS = NO;
				SWIFT_APPROACHABLE_CONCURRENCY = YES;
				SWIFT_EMIT_LOC_STRINGS = NO;
				SWIFT_UPCOMING_FEATURE_MEMBER_IMPORT_VISIBILITY = YES;
				SWIFT_VERSION = 5.0;
				TEST_TARGET_NAME = paylas;
			};
			name = Release;
		};
/* End XCBuildConfiguration section */

/* Begin XCConfigurationList section */
		8CBF8CCA3059F60300041D71 /* Build configuration list for PBXProject "paylas" */ = {
			isa = XCConfigurationList;
			buildConfigurations = (
				8CBF8CEC3059F60600041D71 /* Debug configuration for PBXProject "paylas" */,
				8CBF8CED3059F60600041D71 /* Release configuration for PBXProject "paylas" */,
			);
			defaultConfigurationName = Release;
		};
		8CBF8CEE3059F60600041D71 /* Build configuration list for PBXNativeTarget "paylas" */ = {
			isa = XCConfigurationList;
			buildConfigurations = (
				8CBF8CEF3059F60600041D71 /* Debug configuration for PBXNativeTarget "paylas" */,
				8CBF8CF03059F60600041D71 /* Release configuration for PBXNativeTarget "paylas" */,
			);
			defaultConfigurationName = Release;
		};
		8CBF8CF13059F60600041D71 /* Build configuration list for PBXNativeTarget "paylasTests" */ = {
			isa = XCConfigurationList;
			buildConfigurations = (
				8CBF8CF23059F60600041D71 /* Debug configuration for PBXNativeTarget "paylasTests" */,
				8CBF8CF33059F60600041D71 /* Release configuration for PBXNativeTarget "paylasTests" */,
			);
			defaultConfigurationName = Release;
		};
		8CBF8CF43059F60600041D71 /* Build configuration list for PBXNativeTarget "paylasUITests" */ = {
			isa = XCConfigurationList;
			buildConfigurations = (
				8CBF8CF53059F60600041D71 /* Debug configuration for PBXNativeTarget "paylasUITests" */,
				8CBF8CF63059F60600041D71 /* Release configuration for PBXNativeTarget "paylasUITests" */,
			);
			defaultConfigurationName = Release;
		};
/* End XCConfigurationList section */

/* Begin XCRemoteSwiftPackageReference section */
		8CDCA4C1305AB136002E87F2 /* XCRemoteSwiftPackageReference "KeyboardShortcuts" */ = {
			isa = XCRemoteSwiftPackageReference;
			repositoryURL = "https://github.com/sindresorhus/KeyboardShortcuts";
			requirement = {
				kind = upToNextMajorVersion;
				minimumVersion = 3.1.0;
			};
		};
/* End XCRemoteSwiftPackageReference section */

/* Begin XCSwiftPackageProductDependency section */
		8CDCA4C2305AB136002E87F2 /* KeyboardShortcuts */ = {
			isa = XCSwiftPackageProductDependency;
			package = 8CDCA4C1305AB136002E87F2 /* XCRemoteSwiftPackageReference "KeyboardShortcuts" */;
			productName = KeyboardShortcuts;
		};
/* End XCSwiftPackageProductDependency section */
	};
	rootObject = 8CBF8CC73059F60300041D71 /* Project object */;
	validationLevel = 1;
}
